
Microsoft Visual Studio Solution File, Format Version 12.00
# Visual Studio Version 17
VisualStudioVersion = 17.5.33530.505
MinimumVisualStudioVersion = 10.0.40219.1
Project("{FAE04EC0-301F-11D3-BF4B-00C04F79EFBC}") = "XpsToImageConverterComparer.UI", "XpsToImageConverterComparer.UI\XpsToImageConverterComparer.UI.csproj", "{1E0E0921-BE72-4A95-9307-5A4E9915C359}"
EndProject
Global
	GlobalSection(SolutionConfigurationPlatforms) = preSolution
		Debug|Any CPU = Debug|Any CPU
		Release|Any CPU = Release|Any CPU
	EndGlobalSection
	GlobalSection(ProjectConfigurationPlatforms) = postSolution
		{1E0E0921-BE72-4A95-9307-5A4E9915C359}.Debug|Any CPU.ActiveCfg = Debug|Any CPU
		{1E0E0921-BE72-4A95-9307-5A4E9915C359}.Debug|Any CPU.Build.0 = Debug|Any CPU
		{1E0E0921-BE72-4A95-9307-5A4E9915C359}.Release|Any CPU.ActiveCfg = Release|Any CPU
		{1E0E0921-BE72-4A95-9307-5A4E9915C359}.Release|Any CPU.Build.0 = Release|Any CPU
	EndGlobalSection
	GlobalSection(SolutionProperties) = preSolution
		HideSolutionNode = FALSE
	EndGlobalSection
	GlobalSection(ExtensibilityGlobals) = postSolution
		SolutionGuid = {0C5F40D6-BBA9-4F3B-A8D8-EDE63A56D7B5}
	EndGlobalSection
EndGlobal
